{
  "originHash" : "eba43495351c70425d081789cd0cede4b1e65c20cfb0c671d7f021dab24d5c64",
  "pins" : [
    {
      "identity" : "webrtc-xcframework",
      "kind" : "remoteSourceControl",
      "location" : "https://github.com/livekit/webrtc-xcframework.git",
      "state" : {
        "revision" : "06e2a8a840079ace0dac5d4f2901a12a1d6b9157",
        "version" : "144.7559.14"
      }
    }
  ],
  "version" : 3
}
